
Microsoft Visual Studio Solution File, Format Version 12.00
# Visual Studio Version 17
VisualStudioVersion = 17.2.32616.157
MinimumVisualStudioVersion = 10.0.40219.1
Project("{9A19103F-16F7-4668-BE54-9A1E7A4F7556}") = "lab-nbp-xml", "lab-nbp-xml\lab-nbp-xml.csproj", "{3615A754-F7BF-4BC0-BD7C-3581161E04AA}"
EndProject
Project("{FAE04EC0-301F-11D3-BF4B-00C04F79EFBC}") = "lab-nbp-xml-wpf", "lab-nbp-xml-wpf\lab-nbp-xml-wpf.csproj", "{CDA72656-1B1C-41DD-BCC5-ED81C69EDA24}"
EndProject
Global
	GlobalSection(SolutionConfigurationPlatforms) = preSolution
		Debug|Any CPU = Debug|Any CPU
		Release|Any CPU = Release|Any CPU
	EndGlobalSection
	GlobalSection(ProjectConfigurationPlatforms) = postSolution
		{3615A754-F7BF-4BC0-BD7C-3581161E04AA}.Debug|Any CPU.ActiveCfg = Debug|Any CPU
		{3615A754-F7BF-4BC0-BD7C-3581161E04AA}.Debug|Any CPU.Build.0 = Debug|Any CPU
		{3615A754-F7BF-4BC0-BD7C-3581161E04AA}.Release|Any CPU.ActiveCfg = Release|Any CPU
		{3615A754-F7BF-4BC0-BD7C-3581161E04AA}.Release|Any CPU.Build.0 = Release|Any CPU
		{CDA72656-1B1C-41DD-BCC5-ED81C69EDA24}.Debug|Any CPU.ActiveCfg = Debug|Any CPU
		{CDA72656-1B1C-41DD-BCC5-ED81C69EDA24}.Debug|Any CPU.Build.0 = Debug|Any CPU
		{CDA72656-1B1C-41DD-BCC5-ED81C69EDA24}.Release|Any CPU.ActiveCfg = Release|Any CPU
		{CDA72656-1B1C-41DD-BCC5-ED81C69EDA24}.Release|Any CPU.Build.0 = Release|Any CPU
	EndGlobalSection
	GlobalSection(SolutionProperties) = preSolution
		HideSolutionNode = FALSE
	EndGlobalSection
	GlobalSection(ExtensibilityGlobals) = postSolution
		SolutionGuid = {2D98DFBC-1EE8-4837-91E6-078311B13FCB}
	EndGlobalSection
EndGlobal
